
Microsoft Visual Studio Solution File, Format Version 12.00
# Visual Studio Version 16
VisualStudioVersion = 16.0.30711.63
MinimumVisualStudioVersion = 10.0.40219.1
Project("{FAE04EC0-301F-11D3-BF4B-00C04F79EFBC}") = "UserManagerExample", "UserManagerExample\UserManagerExample.csproj", "{E8C98C18-FA0F-4E50-BB77-0FD5BBD596BF}"
EndProject
Global
	GlobalSection(SolutionConfigurationPlatforms) = preSolution
		Debug|Any CPU = Debug|Any CPU
		Release|Any CPU = Release|Any CPU
	EndGlobalSection
	GlobalSection(ProjectConfigurationPlatforms) = postSolution
		{E8C98C18-FA0F-4E50-BB77-0FD5BBD596BF}.Debug|Any CPU.ActiveCfg = Debug|Any CPU
		{E8C98C18-FA0F-4E50-BB77-0FD5BBD596BF}.Debug|Any CPU.Build.0 = Debug|Any CPU
		{E8C98C18-FA0F-4E50-BB77-0FD5BBD596BF}.Release|Any CPU.ActiveCfg = Release|Any CPU
		{E8C98C18-FA0F-4E50-BB77-0FD5BBD596BF}.Release|Any CPU.Build.0 = Release|Any CPU
	EndGlobalSection
	GlobalSection(SolutionProperties) = preSolution
		HideSolutionNode = FALSE
	EndGlobalSection
	GlobalSection(ExtensibilityGlobals) = postSolution
		SolutionGuid = {147F04C6-64C4-4670-9AAF-D91DACB3CD6C}
	EndGlobalSection
EndGlobal
